
Microsoft Visual Studio Solution File, Format Version 12.00
# Visual Studio Version 17
VisualStudioVersion = 17.9.34701.34
MinimumVisualStudioVersion = 10.0.40219.1
Project("{FAE04EC0-301F-11D3-BF4B-00C04F79EFBC}") = "Guia3-Unidad3", "Guia3-Unidad3.csproj", "{1C2F94B8-CACA-4AFE-A93A-69E782B783DE}"
EndProject
Global
	GlobalSection(SolutionConfigurationPlatforms) = preSolution
		Debug|Any CPU = Debug|Any CPU
		Release|Any CPU = Release|Any CPU
	EndGlobalSection
	GlobalSection(ProjectConfigurationPlatforms) = postSolution
		{1C2F94B8-CACA-4AFE-A93A-69E782B783DE}.Debug|Any CPU.ActiveCfg = Debug|Any CPU
		{1C2F94B8-CACA-4AFE-A93A-69E782B783DE}.Debug|Any CPU.Build.0 = Debug|Any CPU
		{1C2F94B8-CACA-4AFE-A93A-69E782B783DE}.Release|Any CPU.ActiveCfg = Release|Any CPU
		{1C2F94B8-CACA-4AFE-A93A-69E782B783DE}.Release|Any CPU.Build.0 = Release|Any CPU
	EndGlobalSection
	GlobalSection(SolutionProperties) = preSolution
		HideSolutionNode = FALSE
	EndGlobalSection
	GlobalSection(ExtensibilityGlobals) = postSolution
		SolutionGuid = {C753AB50-30DF-470E-858C-EE330CD37D55}
	EndGlobalSection
EndGlobal
